
Microsoft Visual Studio Solution File, Format Version 12.00
# Visual Studio 15
VisualStudioVersion = 15.0.28307.852
MinimumVisualStudioVersion = 10.0.40219.1
Project("{9A19103F-16F7-4668-BE54-9A1E7A4F7556}") = "DeliveryApp", "DeliveryApp\DeliveryApp.csproj", "{E9C4B6D0-39F4-408B-8063-38C3C3C1834C}"
EndProject
Project("{FAE04EC0-301F-11D3-BF4B-00C04F79EFBC}") = "DeliveryApp.iOS", "DeliveryApp.iOS\DeliveryApp.iOS.csproj", "{101E3060-8799-4119-8A7A-4F86A01C0C84}"
EndProject
Project("{FAE04EC0-301F-11D3-BF4B-00C04F79EFBC}") = "DeliveryApp.Droid", "DeliveryApp.Droid\DeliveryApp.Droid.csproj", "{01628273-22D9-4D80-AE01-90C2AFDE98BB}"
EndProject
Project("{FAE04EC0-301F-11D3-BF4B-00C04F79EFBC}") = "DeliveryPersonApp.Android", "DeliveryPersonApp.Android\DeliveryPersonApp.Android.csproj", "{C3E3621B-79BE-495F-BE00-58FED77B0392}"
EndProject
Project("{FAE04EC0-301F-11D3-BF4B-00C04F79EFBC}") = "DeliveryPersonApp.iOS", "DeliveryPersonApp.iOS\DeliveryPersonApp.iOS.csproj", "{15938638-A811-438A-A95D-7C83284AB29F}"
EndProject
Global
	GlobalSection(SolutionConfigurationPlatforms) = preSolution
		Debug|Any CPU = Debug|Any CPU
		Debug|iPhone = Debug|iPhone
		Debug|iPhoneSimulator = Debug|iPhoneSimulator
		Release|Any CPU = Release|Any CPU
		Release|iPhone = Release|iPhone
		Release|iPhoneSimulator = Release|iPhoneSimulator
	EndGlobalSection
	GlobalSection(ProjectConfigurationPlatforms) = postSolution
		{E9C4B6D0-39F4-408B-8063-38C3C3C1834C}.Debug|Any CPU.ActiveCfg = Debug|Any CPU
		{E9C4B6D0-39F4-408B-8063-38C3C3C1834C}.Debug|Any CPU.Build.0 = Debug|Any CPU
		{E9C4B6D0-39F4-408B-8063-38C3C3C1834C}.Debug|iPhone.ActiveCfg = Debug|Any CPU
		{E9C4B6D0-39F4-408B-8063-38C3C3C1834C}.Debug|iPhone.Build.0 = Debug|Any CPU
		{E9C4B6D0-39F4-408B-8063-38C3C3C1834C}.Debug|iPhoneSimulator.ActiveCfg = Debug|Any CPU
		{E9C4B6D0-39F4-408B-8063-38C3C3C1834C}.Debug|iPhoneSimulator.Build.0 = Debug|Any CPU
		{E9C4B6D0-39F4-408B-8063-38C3C3C1834C}.Release|Any CPU.ActiveCfg = Release|Any CPU
		{E9C4B6D0-39F4-408B-8063-38C3C3C1834C}.Release|Any CPU.Build.0 = Release|Any CPU
		{E9C4B6D0-39F4-408B-8063-38C3C3C1834C}.Release|iPhone.ActiveCfg = Release|Any CPU
		{E9C4B6D0-39F4-408B-8063-38C3C3C1834C}.Release|iPhone.Build.0 = Release|Any CPU
		{E9C4B6D0-39F4-408B-8063-38C3C3C1834C}.Release|iPhoneSimulator.ActiveCfg = Release|Any CPU
		{E9C4B6D0-39F4-408B-8063-38C3C3C1834C}.Release|iPhoneSimulator.Build.0 = Release|Any CPU
		{101E3060-8799-4119-8A7A-4F86A01C0C84}.Debug|Any CPU.ActiveCfg = Debug|iPhone
		{101E3060-8799-4119-8A7A-4F86A01C0C84}.Debug|iPhone.ActiveCfg = Debug|iPhone
		{101E3060-8799-4119-8A7A-4F86A01C0C84}.Debug|iPhone.Build.0 = Debug|iPhone
		{101E3060-8799-4119-8A7A-4F86A01C0C84}.Debug|iPhoneSimulator.ActiveCfg = Debug|iPhoneSimulator
		{101E3060-8799-4119-8A7A-4F86A01C0C84}.Debug|iPhoneSimulator.Build.0 = Debug|iPhoneSimulator
		{101E3060-8799-4119-8A7A-4F86A01C0C84}.Release|Any CPU.ActiveCfg = Release|iPhone
		{101E3060-8799-4119-8A7A-4F86A01C0C84}.Release|iPhone.ActiveCfg = Release|iPhone
		{101E3060-8799-4119-8A7A-4F86A01C0C84}.Release|iPhone.Build.0 = Release|iPhone
		{101E3060-8799-4119-8A7A-4F86A01C0C84}.Release|iPhoneSimulator.ActiveCfg = Release|iPhoneSimulator
		{101E3060-8799-4119-8A7A-4F86A01C0C84}.Release|iPhoneSimulator.Build.0 = Release|iPhoneSimulator
		{01628273-22D9-4D80-AE01-90C2AFDE98BB}.Debug|Any CPU.ActiveCfg = Debug|Any CPU
		{01628273-22D9-4D80-AE01-90C2AFDE98BB}.Debug|Any CPU.Build.0 = Debug|Any CPU
		{01628273-22D9-4D80-AE01-90C2AFDE98BB}.Debug|Any CPU.Deploy.0 = Debug|Any CPU
		{01628273-22D9-4D80-AE01-90C2AFDE98BB}.Debug|iPhone.ActiveCfg = Debug|Any CPU
		{01628273-22D9-4D80-AE01-90C2AFDE98BB}.Debug|iPhone.Build.0 = Debug|Any CPU
		{01628273-22D9-4D80-AE01-90C2AFDE98BB}.Debug|iPhone.Deploy.0 = Debug|Any CPU
		{01628273-22D9-4D80-AE01-90C2AFDE98BB}.Debug|iPhoneSimulator.ActiveCfg = Debug|Any CPU
		{01628273-22D9-4D80-AE01-90C2AFDE98BB}.Debug|iPhoneSimulator.Build.0 = Debug|Any CPU
		{01628273-22D9-4D80-AE01-90C2AFDE98BB}.Debug|iPhoneSimulator.Deploy.0 = Debug|Any CPU
		{01628273-22D9-4D80-AE01-90C2AFDE98BB}.Release|Any CPU.ActiveCfg = Release|Any CPU
		{01628273-22D9-4D80-AE01-90C2AFDE98BB}.Release|Any CPU.Build.0 = Release|Any CPU
		{01628273-22D9-4D80-AE01-90C2AFDE98BB}.Release|Any CPU.Deploy.0 = Release|Any CPU
		{01628273-22D9-4D80-AE01-90C2AFDE98BB}.Release|iPhone.ActiveCfg = Release|Any CPU
		{01628273-22D9-4D80-AE01-90C2AFDE98BB}.Release|iPhone.Build.0 = Release|Any CPU
		{01628273-22D9-4D80-AE01-90C2AFDE98BB}.Release|iPhone.Deploy.0 = Release|Any CPU
		{01628273-22D9-4D80-AE01-90C2AFDE98BB}.Release|iPhoneSimulator.ActiveCfg = Release|Any CPU
		{01628273-22D9-4D80-AE01-90C2AFDE98BB}.Release|iPhoneSimulator.Build.0 = Release|Any CPU
		{01628273-22D9-4D80-AE01-90C2AFDE98BB}.Release|iPhoneSimulator.Deploy.0 = Release|Any CPU
		{C3E3621B-79BE-495F-BE00-58FED77B0392}.Debug|Any CPU.ActiveCfg = Debug|Any CPU
		{C3E3621B-79BE-495F-BE00-58FED77B0392}.Debug|Any CPU.Build.0 = Debug|Any CPU
		{C3E3621B-79BE-495F-BE00-58FED77B0392}.Debug|Any CPU.Deploy.0 = Debug|Any CPU
		{C3E3621B-79BE-495F-BE00-58FED77B0392}.Debug|iPhone.ActiveCfg = Debug|Any CPU
		{C3E3621B-79BE-495F-BE00-58FED77B0392}.Debug|iPhone.Build.0 = Debug|Any CPU
		{C3E3621B-79BE-495F-BE00-58FED77B0392}.Debug|iPhone.Deploy.0 = Debug|Any CPU
		{C3E3621B-79BE-495F-BE00-58FED77B0392}.Debug|iPhoneSimulator.ActiveCfg = Debug|Any CPU
		{C3E3621B-79BE-495F-BE00-58FED77B0392}.Debug|iPhoneSimulator.Build.0 = Debug|Any CPU
		{C3E3621B-79BE-495F-BE00-58FED77B0392}.Debug|iPhoneSimulator.Deploy.0 = Debug|Any CPU
		{C3E3621B-79BE-495F-BE00-58FED77B0392}.Release|Any CPU.ActiveCfg = Release|Any CPU
		{C3E3621B-79BE-495F-BE00-58FED77B0392}.Release|Any CPU.Build.0 = Release|Any CPU
		{C3E3621B-79BE-495F-BE00-58FED77B0392}.Release|Any CPU.Deploy.0 = Release|Any CPU
		{C3E3621B-79BE-495F-BE00-58FED77B0392}.Release|iPhone.ActiveCfg = Release|Any CPU
		{C3E3621B-79BE-495F-BE00-58FED77B0392}.Release|iPhone.Build.0 = Release|Any CPU
		{C3E3621B-79BE-495F-BE00-58FED77B0392}.Release|iPhone.Deploy.0 = Release|Any CPU
		{C3E3621B-79BE-495F-BE00-58FED77B0392}.Release|iPhoneSimulator.ActiveCfg = Release|Any CPU
		{C3E3621B-79BE-495F-BE00-58FED77B0392}.Release|iPhoneSimulator.Build.0 = Release|Any CPU
		{C3E3621B-79BE-495F-BE00-58FED77B0392}.Release|iPhoneSimulator.Deploy.0 = Release|Any CPU
		{15938638-A811-438A-A95D-7C83284AB29F}.Debug|Any CPU.ActiveCfg = Debug|iPhone
		{15938638-A811-438A-A95D-7C83284AB29F}.Debug|iPhone.ActiveCfg = Debug|iPhone
		{15938638-A811-438A-A95D-7C83284AB29F}.Debug|iPhone.Build.0 = Debug|iPhone
		{15938638-A811-438A-A95D-7C83284AB29F}.Debug|iPhoneSimulator.ActiveCfg = Debug|iPhoneSimulator
		{15938638-A811-438A-A95D-7C83284AB29F}.Debug|iPhoneSimulator.Build.0 = Debug|iPhoneSimulator
		{15938638-A811-438A-A95D-7C83284AB29F}.Release|Any CPU.ActiveCfg = Release|iPhone
		{15938638-A811-438A-A95D-7C83284AB29F}.Release|iPhone.ActiveCfg = Release|iPhone
		{15938638-A811-438A-A95D-7C83284AB29F}.Release|iPhone.Build.0 = Release|iPhone
		{15938638-A811-438A-A95D-7C83284AB29F}.Release|iPhoneSimulator.ActiveCfg = Release|iPhoneSimulator
		{15938638-A811-438A-A95D-7C83284AB29F}.Release|iPhoneSimulator.Build.0 = Release|iPhoneSimulator
	EndGlobalSection
	GlobalSection(SolutionProperties) = preSolution
		HideSolutionNode = FALSE
	EndGlobalSection
	GlobalSection(ExtensibilityGlobals) = postSolution
		SolutionGuid = {7DA67778-5B2E-43B8-BA60-D5A9E3F4D8DC}
	EndGlobalSection
EndGlobal
